
Microsoft Visual Studio Solution File, Format Version 12.00
# Visual Studio Version 17
VisualStudioVersion = 17.13.35825.156 d17.13
MinimumVisualStudioVersion = 10.0.40219.1
Project("{FAE04EC0-301F-11D3-BF4B-00C04F79EFBC}") = "Ejercicio31", "Ejercicio31\Ejercicio31.csproj", "{2D995797-018C-4BEE-B90C-B776C3B51777}"
EndProject
Global
	GlobalSection(SolutionConfigurationPlatforms) = preSolution
		Debug|Any CPU = Debug|Any CPU
		Release|Any CPU = Release|Any CPU
	EndGlobalSection
	GlobalSection(ProjectConfigurationPlatforms) = postSolution
		{2D995797-018C-4BEE-B90C-B776C3B51777}.Debug|Any CPU.ActiveCfg = Debug|Any CPU
		{2D995797-018C-4BEE-B90C-B776C3B51777}.Debug|Any CPU.Build.0 = Debug|Any CPU
		{2D995797-018C-4BEE-B90C-B776C3B51777}.Release|Any CPU.ActiveCfg = Release|Any CPU
		{2D995797-018C-4BEE-B90C-B776C3B51777}.Release|Any CPU.Build.0 = Release|Any CPU
	EndGlobalSection
	GlobalSection(SolutionProperties) = preSolution
		HideSolutionNode = FALSE
	EndGlobalSection
	GlobalSection(ExtensibilityGlobals) = postSolution
		SolutionGuid = {C5E8D1F7-1726-4DDA-B05F-26E38ADDD77F}
	EndGlobalSection
EndGlobal
